
Microsoft Visual Studio Solution File, Format Version 12.00
# Visual Studio 15
VisualStudioVersion = 15.0.26730.15
MinimumVisualStudioVersion = 10.0.40219.1
Project("{FAE04EC0-301F-11D3-BF4B-00C04F79EFBC}") = "ccg", "ccg\ccg.csproj", "{F02A3ACF-89BD-4DF6-BE9A-F87E26071B31}"
EndProject
Global
	GlobalSection(SolutionConfigurationPlatforms) = preSolution
		Debug|Any CPU = Debug|Any CPU
		Release|Any CPU = Release|Any CPU
	EndGlobalSection
	GlobalSection(ProjectConfigurationPlatforms) = postSolution
		{F02A3ACF-89BD-4DF6-BE9A-F87E26071B31}.Debug|Any CPU.ActiveCfg = Debug|Any CPU
		{F02A3ACF-89BD-4DF6-BE9A-F87E26071B31}.Debug|Any CPU.Build.0 = Debug|Any CPU
		{F02A3ACF-89BD-4DF6-BE9A-F87E26071B31}.Release|Any CPU.ActiveCfg = Release|Any CPU
		{F02A3ACF-89BD-4DF6-BE9A-F87E26071B31}.Release|Any CPU.Build.0 = Release|Any CPU
	EndGlobalSection
	GlobalSection(SolutionProperties) = preSolution
		HideSolutionNode = FALSE
	EndGlobalSection
	GlobalSection(ExtensibilityGlobals) = postSolution
		SolutionGuid = {E748D037-84B9-4913-8B06-2D749D88360B}
	EndGlobalSection
EndGlobal
